
Microsoft Visual Studio Solution File, Format Version 12.00
# Visual Studio Version 16
VisualStudioVersion = 16.0.30011.22
MinimumVisualStudioVersion = 10.0.40219.1
Project("{FAE04EC0-301F-11D3-BF4B-00C04F79EFBC}") = "Graph", "Graph\Graph.csproj", "{2997E9D6-B11F-4CAB-B35A-87FDC3AD2C26}"
EndProject
Global
	GlobalSection(SolutionConfigurationPlatforms) = preSolution
		Debug|Any CPU = Debug|Any CPU
		Release|Any CPU = Release|Any CPU
	EndGlobalSection
	GlobalSection(ProjectConfigurationPlatforms) = postSolution
		{2997E9D6-B11F-4CAB-B35A-87FDC3AD2C26}.Debug|Any CPU.ActiveCfg = Debug|Any CPU
		{2997E9D6-B11F-4CAB-B35A-87FDC3AD2C26}.Debug|Any CPU.Build.0 = Debug|Any CPU
		{2997E9D6-B11F-4CAB-B35A-87FDC3AD2C26}.Release|Any CPU.ActiveCfg = Release|Any CPU
		{2997E9D6-B11F-4CAB-B35A-87FDC3AD2C26}.Release|Any CPU.Build.0 = Release|Any CPU
	EndGlobalSection
	GlobalSection(SolutionProperties) = preSolution
		HideSolutionNode = FALSE
	EndGlobalSection
	GlobalSection(ExtensibilityGlobals) = postSolution
		SolutionGuid = {17E8A430-32E3-4162-8459-24BCBE81C94A}
	EndGlobalSection
EndGlobal
